
Microsoft Visual Studio Solution File, Format Version 12.00
# Visual Studio Version 16
VisualStudioVersion = 16.0.31105.61
MinimumVisualStudioVersion = 10.0.40219.1
Project("{8BC9CEB8-8B4A-11D0-8D11-00A0C91BC942}") = "Buckets", "Buckets\Buckets.vcxproj", "{F2060EA1-1392-44F9-BA66-6D4F5F1A6F24}"
EndProject
Global
	GlobalSection(SolutionConfigurationPlatforms) = preSolution
		Debug|x64 = Debug|x64
		Debug|x86 = Debug|x86
		Release|x64 = Release|x64
		Release|x86 = Release|x86
	EndGlobalSection
	GlobalSection(ProjectConfigurationPlatforms) = postSolution
		{F2060EA1-1392-44F9-BA66-6D4F5F1A6F24}.Debug|x64.ActiveCfg = Debug|x64
		{F2060EA1-1392-44F9-BA66-6D4F5F1A6F24}.Debug|x64.Build.0 = Debug|x64
		{F2060EA1-1392-44F9-BA66-6D4F5F1A6F24}.Debug|x86.ActiveCfg = Debug|Win32
		{F2060EA1-1392-44F9-BA66-6D4F5F1A6F24}.Debug|x86.Build.0 = Debug|Win32
		{F2060EA1-1392-44F9-BA66-6D4F5F1A6F24}.Release|x64.ActiveCfg = Release|x64
		{F2060EA1-1392-44F9-BA66-6D4F5F1A6F24}.Release|x64.Build.0 = Release|x64
		{F2060EA1-1392-44F9-BA66-6D4F5F1A6F24}.Release|x86.ActiveCfg = Release|Win32
		{F2060EA1-1392-44F9-BA66-6D4F5F1A6F24}.Release|x86.Build.0 = Release|Win32
	EndGlobalSection
	GlobalSection(SolutionProperties) = preSolution
		HideSolutionNode = FALSE
	EndGlobalSection
	GlobalSection(ExtensibilityGlobals) = postSolution
		SolutionGuid = {62A2438A-49D0-4DA8-A6F8-93BAA948662E}
	EndGlobalSection
EndGlobal
